// !$*UTF8*$!
{
   archiveVersion = "1";
   objectVersion = "46";
   objects = {
      "DemoMyTools::DemoMyTools" = {
         isa = "PBXNativeTarget";
         buildConfigurationList = "OBJ_209";
         buildPhases = (
            "OBJ_212",
            "OBJ_214"
         );
         dependencies = (
            "OBJ_220",
            "OBJ_222",
            "OBJ_224",
            "OBJ_226",
            "OBJ_228"
         );
         name = "DemoMyTools";
         productName = "DemoMyTools";
         productReference = "DemoMyTools::DemoMyTools::Product";
         productType = "com.apple.product-type.tool";
      };
      "DemoMyTools::DemoMyTools::Product" = {
         isa = "PBXFileReference";
         path = "DemoMyTools";
         sourceTree = "BUILT_PRODUCTS_DIR";
      };
      "DemoMyTools::DemoMyToolsPackageTests::ProductTarget" = {
         isa = "PBXAggregateTarget";
         buildConfigurationList = "OBJ_236";
         buildPhases = (
         );
         dependencies = (
            "OBJ_239"
         );
         name = "DemoMyToolsPackageTests";
         productName = "DemoMyToolsPackageTests";
      };
      "DemoMyTools::DemoMyToolsTests" = {
         isa = "PBXNativeTarget";
         buildConfigurationList = "OBJ_241";
         buildPhases = (
            "OBJ_244",
            "OBJ_247"
         );
         dependencies = (
            "OBJ_253",
            "OBJ_254",
            "OBJ_255",
            "OBJ_256",
            "OBJ_257",
            "OBJ_258"
         );
         name = "DemoMyToolsTests";
         productName = "DemoMyToolsTests";
         productReference = "DemoMyTools::DemoMyToolsTests::Product";
         productType = "com.apple.product-type.bundle.unit-test";
      };
      "DemoMyTools::DemoMyToolsTests::Product" = {
         isa = "PBXFileReference";
         path = "DemoMyToolsTests.xctest";
         sourceTree = "BUILT_PRODUCTS_DIR";
      };
      "DemoMyTools::SwiftPMPackageDescription" = {
         isa = "PBXNativeTarget";
         buildConfigurationList = "OBJ_230";
         buildPhases = (
            "OBJ_233"
         );
         dependencies = (
         );
         name = "DemoMyToolsPackageDescription";
         productName = "DemoMyToolsPackageDescription";
         productType = "com.apple.product-type.framework";
      };
      "OBJ_1" = {
         isa = "PBXProject";
         attributes = {
            LastSwiftMigration = "9999";
            LastUpgradeCheck = "9999";
         };
         buildConfigurationList = "OBJ_2";
         compatibilityVersion = "Xcode 3.2";
         developmentRegion = "en";
         hasScannedForEncodings = "0";
         knownRegions = (
            "en"
         );
         mainGroup = "OBJ_5";
         productRefGroup = "OBJ_158";
         projectDirPath = ".";
         targets = (
            "swift-argument-parser::ArgumentParser",
            "DemoMyTools::DemoMyTools",
            "DemoMyTools::SwiftPMPackageDescription",
            "DemoMyTools::DemoMyToolsPackageTests::ProductTarget",
            "DemoMyTools::DemoMyToolsTests",
            "swift-tools-support-core::SwiftToolsSupport::ProductTarget",
            "swift-tools-support-core::TSCBasic",
            "swift-tools-support-core::TSCLibc",
            "swift-tools-support-core::TSCUtility",
            "swift-tools-support-core::TSCclibc",
            "swift-argument-parser::SwiftPMPackageDescription",
            "swift-tools-support-core::SwiftPMPackageDescription"
         );
      };
      "OBJ_10" = {
         isa = "PBXGroup";
         children = (
            "OBJ_11"
         );
         name = "Tests";
         path = "";
         sourceTree = "SOURCE_ROOT";
      };
      "OBJ_100" = {
         isa = "PBXFileReference";
         path = "Version.swift";
         sourceTree = "<group>";
      };
      "OBJ_101" = {
         isa = "PBXFileReference";
         path = "Versioning.swift";
         sourceTree = "<group>";
      };
      "OBJ_102" = {
         isa = "PBXFileReference";
         path = "dlopen.swift";
         sourceTree = "<group>";
      };
      "OBJ_103" = {
         isa = "PBXFileReference";
         path = "misc.swift";
         sourceTree = "<group>";
      };
      "OBJ_104" = {
         isa = "PBXGroup";
         children = (
            "OBJ_105",
            "OBJ_106",
            "OBJ_107"
         );
         name = "TSCclibc";
         path = ".build/checkouts/swift-tools-support-core/Sources/TSCclibc";
         sourceTree = "SOURCE_ROOT";
      };
      "OBJ_105" = {
         isa = "PBXFileReference";
         path = "libc.c";
         sourceTree = "<group>";
      };
      "OBJ_106" = {
         isa = "PBXFileReference";
         path = "process.c";
         sourceTree = "<group>";
      };
      "OBJ_107" = {
         isa = "PBXGroup";
         children = (
            "OBJ_108",
            "OBJ_109",
            "OBJ_110",
            "OBJ_111",
            "OBJ_112"
         );
         name = "include";
         path = "include";
         sourceTree = "<group>";
      };
      "OBJ_108" = {
         isa = "PBXFileReference";
         path = "TSCclibc.h";
         sourceTree = "<group>";
      };
      "OBJ_109" = {
         isa = "PBXFileReference";
         path = "indexstore_functions.h";
         sourceTree = "<group>";
      };
      "OBJ_11" = {
         isa = "PBXGroup";
         children = (
            "OBJ_12",
            "OBJ_13"
         );
         name = "DemoMyToolsTests";
         path = "Tests/DemoMyToolsTests";
         sourceTree = "SOURCE_ROOT";
      };
      "OBJ_110" = {
         isa = "PBXFileReference";
         path = "csqlite3.h";
         sourceTree = "<group>";
      };
      "OBJ_111" = {
         isa = "PBXFileReference";
         path = "process.h";
         sourceTree = "<group>";
      };
      "OBJ_112" = {
         isa = "PBXFileReference";
         name = "module.modulemap";
         path = "/Users/danishuo/Desktop/DemoMyTools/.build/checkouts/swift-tools-support-core/Sources/TSCclibc/include/module.modulemap";
         sourceTree = "<group>";
      };
      "OBJ_113" = {
         isa = "PBXFileReference";
         explicitFileType = "sourcecode.swift";
         name = "Package.swift";
         path = "/Users/danishuo/Desktop/DemoMyTools/.build/checkouts/swift-tools-support-core/Package.swift";
         sourceTree = "<group>";
      };
      "OBJ_114" = {
         isa = "PBXGroup";
         children = (
            "OBJ_115",
            "OBJ_157"
         );
         name = "swift-argument-parser 0.3.1";
         path = "";
         sourceTree = "SOURCE_ROOT";
      };
      "OBJ_115" = {
         isa = "PBXGroup";
         children = (
            "OBJ_116",
            "OBJ_121",
            "OBJ_130",
            "OBJ_137",
            "OBJ_148",
            "OBJ_153"
         );
         name = "ArgumentParser";
         path = ".build/checkouts/swift-argument-parser/Sources/ArgumentParser";
         sourceTree = "SOURCE_ROOT";
      };
      "OBJ_116" = {
         isa = "PBXGroup";
         children = (
            "OBJ_117",
            "OBJ_118",
            "OBJ_119",
            "OBJ_120"
         );
         name = "Completions";
         path = "Completions";
         sourceTree = "<group>";
      };
      "OBJ_117" = {
         isa = "PBXFileReference";
         path = "BashCompletionsGenerator.swift";
         sourceTree = "<group>";
      };
      "OBJ_118" = {
         isa = "PBXFileReference";
         path = "CompletionsGenerator.swift";
         sourceTree = "<group>";
      };
      "OBJ_119" = {
         isa = "PBXFileReference";
         path = "FishCompletionsGenerator.swift";
         sourceTree = "<group>";
      };
      "OBJ_12" = {
         isa = "PBXFileReference";
         path = "DemoMyToolsTests.swift";
         sourceTree = "<group>";
      };
      "OBJ_120" = {
         isa = "PBXFileReference";
         path = "ZshCompletionsGenerator.swift";
         sourceTree = "<group>";
      };
      "OBJ_121" = {
         isa = "PBXGroup";
         children = (
            "OBJ_122",
            "OBJ_123",
            "OBJ_124",
            "OBJ_125",
            "OBJ_126",
            "OBJ_127",
            "OBJ_128",
            "OBJ_129"
         );
         name = "Parsable Properties";
         path = "Parsable Properties";
         sourceTree = "<group>";
      };
      "OBJ_122" = {
         isa = "PBXFileReference";
         path = "Argument.swift";
         sourceTree = "<group>";
      };
      "OBJ_123" = {
         isa = "PBXFileReference";
         path = "ArgumentHelp.swift";
         sourceTree = "<group>";
      };
      "OBJ_124" = {
         isa = "PBXFileReference";
         path = "CompletionKind.swift";
         sourceTree = "<group>";
      };
      "OBJ_125" = {
         isa = "PBXFileReference";
         path = "Errors.swift";
         sourceTree = "<group>";
      };
      "OBJ_126" = {
         isa = "PBXFileReference";
         path = "Flag.swift";
         sourceTree = "<group>";
      };
      "OBJ_127" = {
         isa = "PBXFileReference";
         path = "NameSpecification.swift";
         sourceTree = "<group>";
      };
      "OBJ_128" = {
         isa = "PBXFileReference";
         path = "Option.swift";
         sourceTree = "<group>";
      };
      "OBJ_129" = {
         isa = "PBXFileReference";
         path = "OptionGroup.swift";
         sourceTree = "<group>";
      };
      "OBJ_13" = {
         isa = "PBXFileReference";
         path = "XCTestManifests.swift";
         sourceTree = "<group>";
      };
      "OBJ_130" = {
         isa = "PBXGroup";
         children = (
            "OBJ_131",
            "OBJ_132",
            "OBJ_133",
            "OBJ_134",
            "OBJ_135",
            "OBJ_136"
         );
         name = "Parsable Types";
         path = "Parsable Types";
         sourceTree = "<group>";
      };
      "OBJ_131" = {
         isa = "PBXFileReference";
         path = "CommandConfiguration.swift";
         sourceTree = "<group>";
      };
      "OBJ_132" = {
         isa = "PBXFileReference";
         path = "EnumerableFlag.swift";
         sourceTree = "<group>";
      };
      "OBJ_133" = {
         isa = "PBXFileReference";
         path = "ExpressibleByArgument.swift";
         sourceTree = "<group>";
      };
      "OBJ_134" = {
         isa = "PBXFileReference";
         path = "ParsableArguments.swift";
         sourceTree = "<group>";
      };
      "OBJ_135" = {
         isa = "PBXFileReference";
         path = "ParsableArgumentsValidation.swift";
         sourceTree = "<group>";
      };
      "OBJ_136" = {
         isa = "PBXFileReference";
         path = "ParsableCommand.swift";
         sourceTree = "<group>";
      };
      "OBJ_137" = {
         isa = "PBXGroup";
         children = (
            "OBJ_138",
            "OBJ_139",
            "OBJ_140",
            "OBJ_141",
            "OBJ_142",
            "OBJ_143",
            "OBJ_144",
            "OBJ_145",
            "OBJ_146",
            "OBJ_147"
         );
         name = "Parsing";
         path = "Parsing";
         sourceTree = "<group>";
      };
      "OBJ_138" = {
         isa = "PBXFileReference";
         path = "ArgumentDecoder.swift";
         sourceTree = "<group>";
      };
      "OBJ_139" = {
         isa = "PBXFileReference";
         path = "ArgumentDefinition.swift";
         sourceTree = "<group>";
      };
      "OBJ_14" = {
         isa = "PBXGroup";
         children = (
            "OBJ_15",
            "OBJ_114"
         );
         name = "Dependencies";
         path = "";
         sourceTree = "<group>";
      };
      "OBJ_140" = {
         isa = "PBXFileReference";
         path = "ArgumentSet.swift";
         sourceTree = "<group>";
      };
      "OBJ_141" = {
         isa = "PBXFileReference";
         path = "CommandParser.swift";
         sourceTree = "<group>";
      };
      "OBJ_142" = {
         isa = "PBXFileReference";
         path = "InputOrigin.swift";
         sourceTree = "<group>";
      };
      "OBJ_143" = {
         isa = "PBXFileReference";
         path = "Name.swift";
         sourceTree = "<group>";
      };
      "OBJ_144" = {
         isa = "PBXFileReference";
         path = "Parsed.swift";
         sourceTree = "<group>";
      };
      "OBJ_145" = {
         isa = "PBXFileReference";
         path = "ParsedValues.swift";
         sourceTree = "<group>";
      };
      "OBJ_146" = {
         isa = "PBXFileReference";
         path = "ParserError.swift";
         sourceTree = "<group>";
      };
      "OBJ_147" = {
         isa = "PBXFileReference";
         path = "SplitArguments.swift";
         sourceTree = "<group>";
      };
      "OBJ_148" = {
         isa = "PBXGroup";
         children = (
            "OBJ_149",
            "OBJ_150",
            "OBJ_151",
            "OBJ_152"
         );
         name = "Usage";
         path = "Usage";
         sourceTree = "<group>";
      };
      "OBJ_149" = {
         isa = "PBXFileReference";
         path = "HelpCommand.swift";
         sourceTree = "<group>";
      };
      "OBJ_15" = {
         isa = "PBXGroup";
         children = (
            "OBJ_16",
            "OBJ_60",
            "OBJ_62",
            "OBJ_63",
            "OBJ_64",
            "OBJ_104",
            "OBJ_113"
         );
         name = "swift-tools-support-core 0.1.12";
         path = "";
         sourceTree = "SOURCE_ROOT";
      };
      "OBJ_150" = {
         isa = "PBXFileReference";
         path = "HelpGenerator.swift";
         sourceTree = "<group>";
      };
      "OBJ_151" = {
         isa = "PBXFileReference";
         path = "MessageInfo.swift";
         sourceTree = "<group>";
      };
      "OBJ_152" = {
         isa = "PBXFileReference";
         path = "UsageGenerator.swift";
         sourceTree = "<group>";
      };
      "OBJ_153" = {
         isa = "PBXGroup";
         children = (
            "OBJ_154",
            "OBJ_155",
            "OBJ_156"
         );
         name = "Utilities";
         path = "Utilities";
         sourceTree = "<group>";
      };
      "OBJ_154" = {
         isa = "PBXFileReference";
         path = "SequenceExtensions.swift";
         sourceTree = "<group>";
      };
      "OBJ_155" = {
         isa = "PBXFileReference";
         path = "StringExtensions.swift";
         sourceTree = "<group>";
      };
      "OBJ_156" = {
         isa = "PBXFileReference";
         path = "Tree.swift";
         sourceTree = "<group>";
      };
      "OBJ_157" = {
         isa = "PBXFileReference";
         explicitFileType = "sourcecode.swift";
         name = "Package.swift";
         path = "/Users/danishuo/Desktop/DemoMyTools/.build/checkouts/swift-argument-parser/Package.swift";
         sourceTree = "<group>";
      };
      "OBJ_158" = {
         isa = "PBXGroup";
         children = (
            "swift-argument-parser::ArgumentParser::Product",
            "swift-tools-support-core::TSCclibc::Product",
            "swift-tools-support-core::TSCLibc::Product",
            "DemoMyTools::DemoMyTools::Product",
            "DemoMyTools::DemoMyToolsTests::Product",
            "swift-tools-support-core::TSCUtility::Product",
            "swift-tools-support-core::TSCBasic::Product"
         );
         name = "Products";
         path = "";
         sourceTree = "BUILT_PRODUCTS_DIR";
      };
      "OBJ_16" = {
         isa = "PBXGroup";
         children = (
            "OBJ_17",
            "OBJ_18",
            "OBJ_19",
            "OBJ_20",
            "OBJ_21",
            "OBJ_22",
            "OBJ_23",
            "OBJ_24",
            "OBJ_25",
            "OBJ_26",
            "OBJ_27",
            "OBJ_28",
            "OBJ_29",
            "OBJ_30",
            "OBJ_31",
            "OBJ_32",
            "OBJ_33",
            "OBJ_34",
            "OBJ_35",
            "OBJ_36",
            "OBJ_37",
            "OBJ_38",
            "OBJ_39",
            "OBJ_40",
            "OBJ_41",
            "OBJ_42",
            "OBJ_43",
            "OBJ_44",
            "OBJ_45",
            "OBJ_46",
            "OBJ_47",
            "OBJ_48",
            "OBJ_49",
            "OBJ_50",
            "OBJ_51",
            "OBJ_52",
            "OBJ_53",
            "OBJ_54",
            "OBJ_55",
            "OBJ_56",
            "OBJ_57",
            "OBJ_58",
            "OBJ_59"
         );
         name = "TSCBasic";
         path = ".build/checkouts/swift-tools-support-core/Sources/TSCBasic";
         sourceTree = "SOURCE_ROOT";
      };
      "OBJ_166" = {
         isa = "PBXFileReference";
         path = "README.md";
         sourceTree = "<group>";
      };
      "OBJ_168" = {
         isa = "XCConfigurationList";
         buildConfigurations = (
            "OBJ_169",
            "OBJ_170"
         );
         defaultConfigurationIsVisible = "0";
         defaultConfigurationName = "Release";
      };
      "OBJ_169" = {
         isa = "XCBuildConfiguration";
         buildSettings = {
            ENABLE_TESTABILITY = "YES";
            FRAMEWORK_SEARCH_PATHS = (
               "$(inherited)",
               "$(PLATFORM_DIR)/Developer/Library/Frameworks"
            );
            HEADER_SEARCH_PATHS = (
               "$(inherited)"
            );
            INFOPLIST_FILE = "DemoMyTools.xcodeproj/ArgumentParser_Info.plist";
            IPHONEOS_DEPLOYMENT_TARGET = "9.0";
            LD_RUNPATH_SEARCH_PATHS = (
               "$(inherited)",
               "$(TOOLCHAIN_DIR)/usr/lib/swift/macosx"
            );
            MACOSX_DEPLOYMENT_TARGET = "10.10";
            OTHER_CFLAGS = (
               "$(inherited)"
            );
            OTHER_LDFLAGS = (
               "$(inherited)"
            );
            OTHER_SWIFT_FLAGS = (
               "$(inherited)"
            );
            PRODUCT_BUNDLE_IDENTIFIER = "ArgumentParser";
            PRODUCT_MODULE_NAME = "$(TARGET_NAME:c99extidentifier)";
            PRODUCT_NAME = "$(TARGET_NAME:c99extidentifier)";
            SKIP_INSTALL = "YES";
            SWIFT_ACTIVE_COMPILATION_CONDITIONS = (
               "$(inherited)"
            );
            SWIFT_VERSION = "5.0";
            TARGET_NAME = "ArgumentParser";
            TVOS_DEPLOYMENT_TARGET = "9.0";
            WATCHOS_DEPLOYMENT_TARGET = "2.0";
         };
         name = "Debug";
      };
      "OBJ_17" = {
         isa = "PBXFileReference";
         path = "Await.swift";
         sourceTree = "<group>";
      };
      "OBJ_170" = {
         isa = "XCBuildConfiguration";
         buildSettings = {
            ENABLE_TESTABILITY = "YES";
            FRAMEWORK_SEARCH_PATHS = (
               "$(inherited)",
               "$(PLATFORM_DIR)/Developer/Library/Frameworks"
            );
            HEADER_SEARCH_PATHS = (
               "$(inherited)"
            );
            INFOPLIST_FILE = "DemoMyTools.xcodeproj/ArgumentParser_Info.plist";
            IPHONEOS_DEPLOYMENT_TARGET = "9.0";
            LD_RUNPATH_SEARCH_PATHS = (
               "$(inherited)",
               "$(TOOLCHAIN_DIR)/usr/lib/swift/macosx"
            );
            MACOSX_DEPLOYMENT_TARGET = "10.10";
            OTHER_CFLAGS = (
               "$(inherited)"
            );
            OTHER_LDFLAGS = (
               "$(inherited)"
            );
            OTHER_SWIFT_FLAGS = (
               "$(inherited)"
            );
            PRODUCT_BUNDLE_IDENTIFIER = "ArgumentParser";
            PRODUCT_MODULE_NAME = "$(TARGET_NAME:c99extidentifier)";
            PRODUCT_NAME = "$(TARGET_NAME:c99extidentifier)";
            SKIP_INSTALL = "YES";
            SWIFT_ACTIVE_COMPILATION_CONDITIONS = (
               "$(inherited)"
            );
            SWIFT_VERSION = "5.0";
            TARGET_NAME = "ArgumentParser";
            TVOS_DEPLOYMENT_TARGET = "9.0";
            WATCHOS_DEPLOYMENT_TARGET = "2.0";
         };
         name = "Release";
      };
      "OBJ_171" = {
         isa = "PBXSourcesBuildPhase";
         files = (
            "OBJ_172",
            "OBJ_173",
            "OBJ_174",
            "OBJ_175",
            "OBJ_176",
            "OBJ_177",
            "OBJ_178",
            "OBJ_179",
            "OBJ_180",
            "OBJ_181",
            "OBJ_182",
            "OBJ_183",
            "OBJ_184",
            "OBJ_185",
            "OBJ_186",
            "OBJ_187",
            "OBJ_188",
            "OBJ_189",
            "OBJ_190",
            "OBJ_191",
            "OBJ_192",
            "OBJ_193",
            "OBJ_194",
            "OBJ_195",
            "OBJ_196",
            "OBJ_197",
            "OBJ_198",
            "OBJ_199",
            "OBJ_200",
            "OBJ_201",
            "OBJ_202",
            "OBJ_203",
            "OBJ_204",
            "OBJ_205",
            "OBJ_206"
         );
      };
      "OBJ_172" = {
         isa = "PBXBuildFile";
         fileRef = "OBJ_117";
      };
      "OBJ_173" = {
         isa = "PBXBuildFile";
         fileRef = "OBJ_118";
      };
      "OBJ_174" = {
         isa = "PBXBuildFile";
         fileRef = "OBJ_119";
      };
      "OBJ_175" = {
         isa = "PBXBuildFile";
         fileRef = "OBJ_120";
      };
      "OBJ_176" = {
         isa = "PBXBuildFile";
         fileRef = "OBJ_122";
      };
      "OBJ_177" = {
         isa = "PBXBuildFile";
         fileRef = "OBJ_123";
      };
      "OBJ_178" = {
         isa = "PBXBuildFile";
         fileRef = "OBJ_124";
      };
      "OBJ_179" = {
         isa = "PBXBuildFile";
         fileRef = "OBJ_125";
      };
      "OBJ_18" = {
         isa = "PBXFileReference";
         path = "Base64URL.swift";
         sourceTree = "<group>";
      };
      "OBJ_180" = {
         isa = "PBXBuildFile";
         fileRef = "OBJ_126";
      };
      "OBJ_181" = {
         isa = "PBXBuildFile";
         fileRef = "OBJ_127";
      };
      "OBJ_182" = {
         isa = "PBXBuildFile";
         fileRef = "OBJ_128";
      };
      "OBJ_183" = {
         isa = "PBXBuildFile";
         fileRef = "OBJ_129";
      };
      "OBJ_184" = {
         isa = "PBXBuildFile";
         fileRef = "OBJ_131";
      };
      "OBJ_185" = {
         isa = "PBXBuildFile";
         fileRef = "OBJ_132";
      };
      "OBJ_186" = {
         isa = "PBXBuildFile";
         fileRef = "OBJ_133";
      };
      "OBJ_187" = {
         isa = "PBXBuildFile";
         fileRef = "OBJ_134";
      };
      "OBJ_188" = {
         isa = "PBXBuildFile";
         fileRef = "OBJ_135";
      };
      "OBJ_189" = {
         isa = "PBXBuildFile";
         fileRef = "OBJ_136";
      };
      "OBJ_19" = {
         isa = "PBXFileReference";
         path = "ByteString.swift";
         sourceTree = "<group>";
      };
      "OBJ_190" = {
         isa = "PBXBuildFile";
         fileRef = "OBJ_138";
      };
      "OBJ_191" = {
         isa = "PBXBuildFile";
         fileRef = "OBJ_139";
      };
      "OBJ_192" = {
         isa = "PBXBuildFile";
         fileRef = "OBJ_140";
      };
      "OBJ_193" = {
         isa = "PBXBuildFile";
         fileRef = "OBJ_141";
      };
      "OBJ_194" = {
         isa = "PBXBuildFile";
         fileRef = "OBJ_142";
      };
      "OBJ_195" = {
         isa = "PBXBuildFile";
         fileRef = "OBJ_143";
      };
      "OBJ_196" = {
         isa = "PBXBuildFile";
         fileRef = "OBJ_144";
      };
      "OBJ_197" = {
         isa = "PBXBuildFile";
         fileRef = "OBJ_145";
      };
      "OBJ_198" = {
         isa = "PBXBuildFile";
         fileRef = "OBJ_146";
      };
      "OBJ_199" = {
         isa = "PBXBuildFile";
         fileRef = "OBJ_147";
      };
      "OBJ_2" = {
         isa = "XCConfigurationList";
         buildConfigurations = (
            "OBJ_3",
            "OBJ_4"
         );
         defaultConfigurationIsVisible = "0";
         defaultConfigurationName = "Release";
      };
      "OBJ_20" = {
         isa = "PBXFileReference";
         path = "CStringArray.swift";
         sourceTree = "<group>";
      };
      "OBJ_200" = {
         isa = "PBXBuildFile";
         fileRef = "OBJ_149";
      };
      "OBJ_201" = {
         isa = "PBXBuildFile";
         fileRef = "OBJ_150";
      };
      "OBJ_202" = {
         isa = "PBXBuildFile";
         fileRef = "OBJ_151";
      };
      "OBJ_203" = {
         isa = "PBXBuildFile";
         fileRef = "OBJ_152";
      };
      "OBJ_204" = {
         isa = "PBXBuildFile";
         fileRef = "OBJ_154";
      };
      "OBJ_205" = {
         isa = "PBXBuildFile";
         fileRef = "OBJ_155";
      };
      "OBJ_206" = {
         isa = "PBXBuildFile";
         fileRef = "OBJ_156";
      };
      "OBJ_207" = {
         isa = "PBXFrameworksBuildPhase";
         files = (
         );
      };
      "OBJ_209" = {
         isa = "XCConfigurationList";
         buildConfigurations = (
            "OBJ_210",
            "OBJ_211"
         );
         defaultConfigurationIsVisible = "0";
         defaultConfigurationName = "Release";
      };
      "OBJ_21" = {
         isa = "PBXFileReference";
         path = "CacheableSequence.swift";
         sourceTree = "<group>";
      };
      "OBJ_210" = {
         isa = "XCBuildConfiguration";
         buildSettings = {
            FRAMEWORK_SEARCH_PATHS = (
               "$(inherited)",
               "$(PLATFORM_DIR)/Developer/Library/Frameworks"
            );
            HEADER_SEARCH_PATHS = (
               "$(inherited)",
               "$(SRCROOT)/.build/checkouts/swift-tools-support-core/Sources/TSCclibc/include"
            );
            INFOPLIST_FILE = "DemoMyTools.xcodeproj/DemoMyTools_Info.plist";
            IPHONEOS_DEPLOYMENT_TARGET = "9.0";
            LD_RUNPATH_SEARCH_PATHS = (
               "$(inherited)",
               "$(TOOLCHAIN_DIR)/usr/lib/swift/macosx",
               "@executable_path"
            );
            MACOSX_DEPLOYMENT_TARGET = "10.10";
            OTHER_CFLAGS = (
               "$(inherited)"
            );
            OTHER_LDFLAGS = (
               "$(inherited)"
            );
            OTHER_SWIFT_FLAGS = (
               "$(inherited)",
               "-Xcc",
               "-fmodule-map-file=$(SRCROOT)/.build/checkouts/swift-tools-support-core/Sources/TSCclibc/include/module.modulemap"
            );
            SWIFT_ACTIVE_COMPILATION_CONDITIONS = (
               "$(inherited)"
            );
            SWIFT_FORCE_DYNAMIC_LINK_STDLIB = "YES";
            SWIFT_FORCE_STATIC_LINK_STDLIB = "NO";
            SWIFT_VERSION = "5.0";
            TARGET_NAME = "DemoMyTools";
            TVOS_DEPLOYMENT_TARGET = "9.0";
            WATCHOS_DEPLOYMENT_TARGET = "2.0";
         };
         name = "Debug";
      };
      "OBJ_211" = {
         isa = "XCBuildConfiguration";
         buildSettings = {
            FRAMEWORK_SEARCH_PATHS = (
               "$(inherited)",
               "$(PLATFORM_DIR)/Developer/Library/Frameworks"
            );
            HEADER_SEARCH_PATHS = (
               "$(inherited)",
               "$(SRCROOT)/.build/checkouts/swift-tools-support-core/Sources/TSCclibc/include"
            );
            INFOPLIST_FILE = "DemoMyTools.xcodeproj/DemoMyTools_Info.plist";
            IPHONEOS_DEPLOYMENT_TARGET = "9.0";
            LD_RUNPATH_SEARCH_PATHS = (
               "$(inherited)",
               "$(TOOLCHAIN_DIR)/usr/lib/swift/macosx",
               "@executable_path"
            );
            MACOSX_DEPLOYMENT_TARGET = "10.10";
            OTHER_CFLAGS = (
               "$(inherited)"
            );
            OTHER_LDFLAGS = (
               "$(inherited)"
            );
            OTHER_SWIFT_FLAGS = (
               "$(inherited)",
               "-Xcc",
               "-fmodule-map-file=$(SRCROOT)/.build/checkouts/swift-tools-support-core/Sources/TSCclibc/include/module.modulemap"
            );
            SWIFT_ACTIVE_COMPILATION_CONDITIONS = (
               "$(inherited)"
            );
            SWIFT_FORCE_DYNAMIC_LINK_STDLIB = "YES";
            SWIFT_FORCE_STATIC_LINK_STDLIB = "NO";
            SWIFT_VERSION = "5.0";
            TARGET_NAME = "DemoMyTools";
            TVOS_DEPLOYMENT_TARGET = "9.0";
            WATCHOS_DEPLOYMENT_TARGET = "2.0";
         };
         name = "Release";
      };
      "OBJ_212" = {
         isa = "PBXSourcesBuildPhase";
         files = (
            "OBJ_213"
         );
      };
      "OBJ_213" = {
         isa = "PBXBuildFile";
         fileRef = "OBJ_9";
      };
      "OBJ_214" = {
         isa = "PBXFrameworksBuildPhase";
         files = (
            "OBJ_215",
            "OBJ_216",
            "OBJ_217",
            "OBJ_218",
            "OBJ_219"
         );
      };
      "OBJ_215" = {
         isa = "PBXBuildFile";
         fileRef = "swift-tools-support-core::TSCUtility::Product";
      };
      "OBJ_216" = {
         isa = "PBXBuildFile";
         fileRef = "swift-tools-support-core::TSCBasic::Product";
      };
      "OBJ_217" = {
         isa = "PBXBuildFile";
         fileRef = "swift-tools-support-core::TSCLibc::Product";
      };
      "OBJ_218" = {
         isa = "PBXBuildFile";
         fileRef = "swift-tools-support-core::TSCclibc::Product";
      };
      "OBJ_219" = {
         isa = "PBXBuildFile";
         fileRef = "swift-argument-parser::ArgumentParser::Product";
      };
      "OBJ_22" = {
         isa = "PBXFileReference";
         path = "CodableResult.swift";
         sourceTree = "<group>";
      };
      "OBJ_220" = {
         isa = "PBXTargetDependency";
         target = "swift-tools-support-core::TSCUtility";
      };
      "OBJ_222" = {
         isa = "PBXTargetDependency";
         target = "swift-tools-support-core::TSCBasic";
      };
      "OBJ_224" = {
         isa = "PBXTargetDependency";
         target = "swift-tools-support-core::TSCLibc";
      };
      "OBJ_226" = {
         isa = "PBXTargetDependency";
         target = "swift-tools-support-core::TSCclibc";
      };
      "OBJ_228" = {
         isa = "PBXTargetDependency";
         target = "swift-argument-parser::ArgumentParser";
      };
      "OBJ_23" = {
         isa = "PBXFileReference";
         path = "CollectionAlgorithms.swift";
         sourceTree = "<group>";
      };
      "OBJ_230" = {
         isa = "XCConfigurationList";
         buildConfigurations = (
            "OBJ_231",
            "OBJ_232"
         );
         defaultConfigurationIsVisible = "0";
         defaultConfigurationName = "Release";
      };
      "OBJ_231" = {
         isa = "XCBuildConfiguration";
         buildSettings = {
            LD = "/usr/bin/true";
            OTHER_SWIFT_FLAGS = (
               "-swift-version",
               "5",
               "-I",
               "$(TOOLCHAIN_DIR)/usr/lib/swift/pm/4_2",
               "-sdk",
               "/Applications/Xcode.app/Contents/Developer/Platforms/MacOSX.platform/Developer/SDKs/MacOSX10.15.sdk",
               "-package-description-version",
               "5.3.0"
            );
            SWIFT_VERSION = "5.0";
         };
         name = "Debug";
      };
      "OBJ_232" = {
         isa = "XCBuildConfiguration";
         buildSettings = {
            LD = "/usr/bin/true";
            OTHER_SWIFT_FLAGS = (
               "-swift-version",
               "5",
               "-I",
               "$(TOOLCHAIN_DIR)/usr/lib/swift/pm/4_2",
               "-sdk",
               "/Applications/Xcode.app/Contents/Developer/Platforms/MacOSX.platform/Developer/SDKs/MacOSX10.15.sdk",
               "-package-description-version",
               "5.3.0"
            );
            SWIFT_VERSION = "5.0";
         };
         name = "Release";
      };
      "OBJ_233" = {
         isa = "PBXSourcesBuildPhase";
         files = (
            "OBJ_234"
         );
      };
      "OBJ_234" = {
         isa = "PBXBuildFile";
         fileRef = "OBJ_6";
      };
      "OBJ_236" = {
         isa = "XCConfigurationList";
         buildConfigurations = (
            "OBJ_237",
            "OBJ_238"
         );
         defaultConfigurationIsVisible = "0";
         defaultConfigurationName = "Release";
      };
      "OBJ_237" = {
         isa = "XCBuildConfiguration";
         buildSettings = {
         };
         name = "Debug";
      };
      "OBJ_238" = {
         isa = "XCBuildConfiguration";
         buildSettings = {
         };
         name = "Release";
      };
      "OBJ_239" = {
         isa = "PBXTargetDependency";
         target = "DemoMyTools::DemoMyToolsTests";
      };
      "OBJ_24" = {
         isa = "PBXFileReference";
         path = "CollectionExtensions.swift";
         sourceTree = "<group>";
      };
      "OBJ_241" = {
         isa = "XCConfigurationList";
         buildConfigurations = (
            "OBJ_242",
            "OBJ_243"
         );
         defaultConfigurationIsVisible = "0";
         defaultConfigurationName = "Release";
      };
      "OBJ_242" = {
         isa = "XCBuildConfiguration";
         buildSettings = {
            CLANG_ENABLE_MODULES = "YES";
            EMBEDDED_CONTENT_CONTAINS_SWIFT = "YES";
            FRAMEWORK_SEARCH_PATHS = (
               "$(inherited)",
               "$(PLATFORM_DIR)/Developer/Library/Frameworks"
            );
            HEADER_SEARCH_PATHS = (
               "$(inherited)",
               "$(SRCROOT)/.build/checkouts/swift-tools-support-core/Sources/TSCclibc/include"
            );
            INFOPLIST_FILE = "DemoMyTools.xcodeproj/DemoMyToolsTests_Info.plist";
            IPHONEOS_DEPLOYMENT_TARGET = "14.0";
            LD_RUNPATH_SEARCH_PATHS = (
               "$(inherited)",
               "@loader_path/../Frameworks",
               "@loader_path/Frameworks"
            );
            MACOSX_DEPLOYMENT_TARGET = "10.15";
            OTHER_CFLAGS = (
               "$(inherited)"
            );
            OTHER_LDFLAGS = (
               "$(inherited)"
            );
            OTHER_SWIFT_FLAGS = (
               "$(inherited)",
               "-Xcc",
               "-fmodule-map-file=$(SRCROOT)/.build/checkouts/swift-tools-support-core/Sources/TSCclibc/include/module.modulemap"
            );
            SWIFT_ACTIVE_COMPILATION_CONDITIONS = (
               "$(inherited)"
            );
            SWIFT_VERSION = "5.0";
            TARGET_NAME = "DemoMyToolsTests";
            TVOS_DEPLOYMENT_TARGET = "9.0";
            WATCHOS_DEPLOYMENT_TARGET = "2.0";
         };
         name = "Debug";
      };
      "OBJ_243" = {
         isa = "XCBuildConfiguration";
         buildSettings = {
            CLANG_ENABLE_MODULES = "YES";
            EMBEDDED_CONTENT_CONTAINS_SWIFT = "YES";
            FRAMEWORK_SEARCH_PATHS = (
               "$(inherited)",
               "$(PLATFORM_DIR)/Developer/Library/Frameworks"
            );
            HEADER_SEARCH_PATHS = (
               "$(inherited)",
               "$(SRCROOT)/.build/checkouts/swift-tools-support-core/Sources/TSCclibc/include"
            );
            INFOPLIST_FILE = "DemoMyTools.xcodeproj/DemoMyToolsTests_Info.plist";
            IPHONEOS_DEPLOYMENT_TARGET = "14.0";
            LD_RUNPATH_SEARCH_PATHS = (
               "$(inherited)",
               "@loader_path/../Frameworks",
               "@loader_path/Frameworks"
            );
            MACOSX_DEPLOYMENT_TARGET = "10.15";
            OTHER_CFLAGS = (
               "$(inherited)"
            );
            OTHER_LDFLAGS = (
               "$(inherited)"
            );
            OTHER_SWIFT_FLAGS = (
               "$(inherited)",
               "-Xcc",
               "-fmodule-map-file=$(SRCROOT)/.build/checkouts/swift-tools-support-core/Sources/TSCclibc/include/module.modulemap"
            );
            SWIFT_ACTIVE_COMPILATION_CONDITIONS = (
               "$(inherited)"
            );
            SWIFT_VERSION = "5.0";
            TARGET_NAME = "DemoMyToolsTests";
            TVOS_DEPLOYMENT_TARGET = "9.0";
            WATCHOS_DEPLOYMENT_TARGET = "2.0";
         };
         name = "Release";
      };
      "OBJ_244" = {
         isa = "PBXSourcesBuildPhase";
         files = (
            "OBJ_245",
            "OBJ_246"
         );
      };
      "OBJ_245" = {
         isa = "PBXBuildFile";
         fileRef = "OBJ_12";
      };
      "OBJ_246" = {
         isa = "PBXBuildFile";
         fileRef = "OBJ_13";
      };
      "OBJ_247" = {
         isa = "PBXFrameworksBuildPhase";
         files = (
            "OBJ_248",
            "OBJ_249",
            "OBJ_250",
            "OBJ_251",
            "OBJ_252"
         );
      };
      "OBJ_248" = {
         isa = "PBXBuildFile";
         fileRef = "swift-tools-support-core::TSCUtility::Product";
      };
      "OBJ_249" = {
         isa = "PBXBuildFile";
         fileRef = "swift-tools-support-core::TSCBasic::Product";
      };
      "OBJ_25" = {
         isa = "PBXFileReference";
         path = "Condition.swift";
         sourceTree = "<group>";
      };
      "OBJ_250" = {
         isa = "PBXBuildFile";
         fileRef = "swift-tools-support-core::TSCLibc::Product";
      };
      "OBJ_251" = {
         isa = "PBXBuildFile";
         fileRef = "swift-tools-support-core::TSCclibc::Product";
      };
      "OBJ_252" = {
         isa = "PBXBuildFile";
         fileRef = "swift-argument-parser::ArgumentParser::Product";
      };
      "OBJ_253" = {
         isa = "PBXTargetDependency";
         target = "DemoMyTools::DemoMyTools";
      };
      "OBJ_254" = {
         isa = "PBXTargetDependency";
         target = "swift-tools-support-core::TSCUtility";
      };
      "OBJ_255" = {
         isa = "PBXTargetDependency";
         target = "swift-tools-support-core::TSCBasic";
      };
      "OBJ_256" = {
         isa = "PBXTargetDependency";
         target = "swift-tools-support-core::TSCLibc";
      };
      "OBJ_257" = {
         isa = "PBXTargetDependency";
         target = "swift-tools-support-core::TSCclibc";
      };
      "OBJ_258" = {
         isa = "PBXTargetDependency";
         target = "swift-argument-parser::ArgumentParser";
      };
      "OBJ_26" = {
         isa = "PBXFileReference";
         path = "DeltaAlgorithm.swift";
         sourceTree = "<group>";
      };
      "OBJ_260" = {
         isa = "XCConfigurationList";
         buildConfigurations = (
            "OBJ_261",
            "OBJ_262"
         );
         defaultConfigurationIsVisible = "0";
         defaultConfigurationName = "Release";
      };
      "OBJ_261" = {
         isa = "XCBuildConfiguration";
         buildSettings = {
         };
         name = "Debug";
      };
      "OBJ_262" = {
         isa = "XCBuildConfiguration";
         buildSettings = {
         };
         name = "Release";
      };
      "OBJ_263" = {
         isa = "PBXTargetDependency";
         target = "swift-tools-support-core::TSCBasic";
      };
      "OBJ_264" = {
         isa = "PBXTargetDependency";
         target = "swift-tools-support-core::TSCUtility";
      };
      "OBJ_265" = {
         isa = "XCConfigurationList";
         buildConfigurations = (
            "OBJ_266",
            "OBJ_267"
         );
         defaultConfigurationIsVisible = "0";
         defaultConfigurationName = "Release";
      };
      "OBJ_266" = {
         isa = "XCBuildConfiguration";
         buildSettings = {
            ENABLE_TESTABILITY = "YES";
            FRAMEWORK_SEARCH_PATHS = (
               "$(inherited)",
               "$(PLATFORM_DIR)/Developer/Library/Frameworks"
            );
            HEADER_SEARCH_PATHS = (
               "$(inherited)",
               "$(SRCROOT)/.build/checkouts/swift-tools-support-core/Sources/TSCclibc/include"
            );
            INFOPLIST_FILE = "DemoMyTools.xcodeproj/TSCBasic_Info.plist";
            IPHONEOS_DEPLOYMENT_TARGET = "9.0";
            LD_RUNPATH_SEARCH_PATHS = (
               "$(inherited)",
               "$(TOOLCHAIN_DIR)/usr/lib/swift/macosx"
            );
            MACOSX_DEPLOYMENT_TARGET = "10.10";
            OTHER_CFLAGS = (
               "$(inherited)"
            );
            OTHER_LDFLAGS = (
               "$(inherited)"
            );
            OTHER_SWIFT_FLAGS = (
               "$(inherited)",
               "-Xcc",
               "-fmodule-map-file=$(SRCROOT)/.build/checkouts/swift-tools-support-core/Sources/TSCclibc/include/module.modulemap"
            );
            PRODUCT_BUNDLE_IDENTIFIER = "TSCBasic";
            PRODUCT_MODULE_NAME = "$(TARGET_NAME:c99extidentifier)";
            PRODUCT_NAME = "$(TARGET_NAME:c99extidentifier)";
            SKIP_INSTALL = "YES";
            SWIFT_ACTIVE_COMPILATION_CONDITIONS = (
               "$(inherited)"
            );
            SWIFT_VERSION = "5.0";
            TARGET_NAME = "TSCBasic";
            TVOS_DEPLOYMENT_TARGET = "9.0";
            WATCHOS_DEPLOYMENT_TARGET = "2.0";
         };
         name = "Debug";
      };
      "OBJ_267" = {
         isa = "XCBuildConfiguration";
         buildSettings = {
            ENABLE_TESTABILITY = "YES";
            FRAMEWORK_SEARCH_PATHS = (
               "$(inherited)",
               "$(PLATFORM_DIR)/Developer/Library/Frameworks"
            );
            HEADER_SEARCH_PATHS = (
               "$(inherited)",
               "$(SRCROOT)/.build/checkouts/swift-tools-support-core/Sources/TSCclibc/include"
            );
            INFOPLIST_FILE = "DemoMyTools.xcodeproj/TSCBasic_Info.plist";
            IPHONEOS_DEPLOYMENT_TARGET = "9.0";
            LD_RUNPATH_SEARCH_PATHS = (
               "$(inherited)",
               "$(TOOLCHAIN_DIR)/usr/lib/swift/macosx"
            );
            MACOSX_DEPLOYMENT_TARGET = "10.10";
            OTHER_CFLAGS = (
               "$(inherited)"
            );
            OTHER_LDFLAGS = (
               "$(inherited)"
            );
            OTHER_SWIFT_FLAGS = (
               "$(inherited)",
               "-Xcc",
               "-fmodule-map-file=$(SRCROOT)/.build/checkouts/swift-tools-support-core/Sources/TSCclibc/include/module.modulemap"
            );
            PRODUCT_BUNDLE_IDENTIFIER = "TSCBasic";
            PRODUCT_MODULE_NAME = "$(TARGET_NAME:c99extidentifier)";
            PRODUCT_NAME = "$(TARGET_NAME:c99extidentifier)";
            SKIP_INSTALL = "YES";
            SWIFT_ACTIVE_COMPILATION_CONDITIONS = (
               "$(inherited)"
            );
            SWIFT_VERSION = "5.0";
            TARGET_NAME = "TSCBasic";
            TVOS_DEPLOYMENT_TARGET = "9.0";
            WATCHOS_DEPLOYMENT_TARGET = "2.0";
         };
         name = "Release";
      };
      "OBJ_268" = {
         isa = "PBXSourcesBuildPhase";
         files = (
            "OBJ_269",
            "OBJ_270",
            "OBJ_271",
            "OBJ_272",
            "OBJ_273",
            "OBJ_274",
            "OBJ_275",
            "OBJ_276",
            "OBJ_277",
            "OBJ_278",
            "OBJ_279",
            "OBJ_280",
            "OBJ_281",
            "OBJ_282",
            "OBJ_283",
            "OBJ_284",
            "OBJ_285",
            "OBJ_286",
            "OBJ_287",
            "OBJ_288",
            "OBJ_289",
            "OBJ_290",
            "OBJ_291",
            "OBJ_292",
            "OBJ_293",
            "OBJ_294",
            "OBJ_295",
            "OBJ_296",
            "OBJ_297",
            "OBJ_298",
            "OBJ_299",
            "OBJ_300",
            "OBJ_301",
            "OBJ_302",
            "OBJ_303",
            "OBJ_304",
            "OBJ_305",
            "OBJ_306",
            "OBJ_307",
            "OBJ_308",
            "OBJ_309",
            "OBJ_310",
            "OBJ_311"
         );
      };
      "OBJ_269" = {
         isa = "PBXBuildFile";
         fileRef = "OBJ_17";
      };
      "OBJ_27" = {
         isa = "PBXFileReference";
         path = "DiagnosticsEngine.swift";
         sourceTree = "<group>";
      };
      "OBJ_270" = {
         isa = "PBXBuildFile";
         fileRef = "OBJ_18";
      };
      "OBJ_271" = {
         isa = "PBXBuildFile";
         fileRef = "OBJ_19";
      };
      "OBJ_272" = {
         isa = "PBXBuildFile";
         fileRef = "OBJ_20";
      };
      "OBJ_273" = {
         isa = "PBXBuildFile";
         fileRef = "OBJ_21";
      };
      "OBJ_274" = {
         isa = "PBXBuildFile";
         fileRef = "OBJ_22";
      };
      "OBJ_275" = {
         isa = "PBXBuildFile";
         fileRef = "OBJ_23";
      };
      "OBJ_276" = {
         isa = "PBXBuildFile";
         fileRef = "OBJ_24";
      };
      "OBJ_277" = {
         isa = "PBXBuildFile";
         fileRef = "OBJ_25";
      };
      "OBJ_278" = {
         isa = "PBXBuildFile";
         fileRef = "OBJ_26";
      };
      "OBJ_279" = {
         isa = "PBXBuildFile";
         fileRef = "OBJ_27";
      };
      "OBJ_28" = {
         isa = "PBXFileReference";
         path = "DictionaryExtensions.swift";
         sourceTree = "<group>";
      };
      "OBJ_280" = {
         isa = "PBXBuildFile";
         fileRef = "OBJ_28";
      };
      "OBJ_281" = {
         isa = "PBXBuildFile";
         fileRef = "OBJ_29";
      };
      "OBJ_282" = {
         isa = "PBXBuildFile";
         fileRef = "OBJ_30";
      };
      "OBJ_283" = {
         isa = "PBXBuildFile";
         fileRef = "OBJ_31";
      };
      "OBJ_284" = {
         isa = "PBXBuildFile";
         fileRef = "OBJ_32";
      };
      "OBJ_285" = {
         isa = "PBXBuildFile";
         fileRef = "OBJ_33";
      };
      "OBJ_286" = {
         isa = "PBXBuildFile";
         fileRef = "OBJ_34";
      };
      "OBJ_287" = {
         isa = "PBXBuildFile";
         fileRef = "OBJ_35";
      };
      "OBJ_288" = {
         isa = "PBXBuildFile";
         fileRef = "OBJ_36";
      };
      "OBJ_289" = {
         isa = "PBXBuildFile";
         fileRef = "OBJ_37";
      };
      "OBJ_29" = {
         isa = "PBXFileReference";
         path = "DictionaryLiteralExtensions.swift";
         sourceTree = "<group>";
      };
      "OBJ_290" = {
         isa = "PBXBuildFile";
         fileRef = "OBJ_38";
      };
      "OBJ_291" = {
         isa = "PBXBuildFile";
         fileRef = "OBJ_39";
      };
      "OBJ_292" = {
         isa = "PBXBuildFile";
         fileRef = "OBJ_40";
      };
      "OBJ_293" = {
         isa = "PBXBuildFile";
         fileRef = "OBJ_41";
      };
      "OBJ_294" = {
         isa = "PBXBuildFile";
         fileRef = "OBJ_42";
      };
      "OBJ_295" = {
         isa = "PBXBuildFile";
         fileRef = "OBJ_43";
      };
      "OBJ_296" = {
         isa = "PBXBuildFile";
         fileRef = "OBJ_44";
      };
      "OBJ_297" = {
         isa = "PBXBuildFile";
         fileRef = "OBJ_45";
      };
      "OBJ_298" = {
         isa = "PBXBuildFile";
         fileRef = "OBJ_46";
      };
      "OBJ_299" = {
         isa = "PBXBuildFile";
         fileRef = "OBJ_47";
      };
      "OBJ_3" = {
         isa = "XCBuildConfiguration";
         buildSettings = {
            CLANG_ENABLE_OBJC_ARC = "YES";
            COMBINE_HIDPI_IMAGES = "YES";
            COPY_PHASE_STRIP = "NO";
            DEBUG_INFORMATION_FORMAT = "dwarf";
            DYLIB_INSTALL_NAME_BASE = "@rpath";
            ENABLE_NS_ASSERTIONS = "YES";
            GCC_OPTIMIZATION_LEVEL = "0";
            GCC_PREPROCESSOR_DEFINITIONS = (
               "$(inherited)",
               "SWIFT_PACKAGE=1",
               "DEBUG=1"
            );
            MACOSX_DEPLOYMENT_TARGET = "10.10";
            ONLY_ACTIVE_ARCH = "YES";
            OTHER_SWIFT_FLAGS = (
               "$(inherited)",
               "-DXcode"
            );
            PRODUCT_NAME = "$(TARGET_NAME)";
            SDKROOT = "macosx";
            SUPPORTED_PLATFORMS = (
               "macosx",
               "iphoneos",
               "iphonesimulator",
               "appletvos",
               "appletvsimulator",
               "watchos",
               "watchsimulator"
            );
            SWIFT_ACTIVE_COMPILATION_CONDITIONS = (
               "$(inherited)",
               "SWIFT_PACKAGE",
               "DEBUG"
            );
            SWIFT_OPTIMIZATION_LEVEL = "-Onone";
            USE_HEADERMAP = "NO";
         };
         name = "Debug";
      };
      "OBJ_30" = {
         isa = "PBXFileReference";
         path = "EditDistance.swift";
         sourceTree = "<group>";
      };
      "OBJ_300" = {
         isa = "PBXBuildFile";
         fileRef = "OBJ_48";
      };
      "OBJ_301" = {
         isa = "PBXBuildFile";
         fileRef = "OBJ_49";
      };
      "OBJ_302" = {
         isa = "PBXBuildFile";
         fileRef = "OBJ_50";
      };
      "OBJ_303" = {
         isa = "PBXBuildFile";
         fileRef = "OBJ_51";
      };
      "OBJ_304" = {
         isa = "PBXBuildFile";
         fileRef = "OBJ_52";
      };
      "OBJ_305" = {
         isa = "PBXBuildFile";
         fileRef = "OBJ_53";
      };
      "OBJ_306" = {
         isa = "PBXBuildFile";
         fileRef = "OBJ_54";
      };
      "OBJ_307" = {
         isa = "PBXBuildFile";
         fileRef = "OBJ_55";
      };
      "OBJ_308" = {
         isa = "PBXBuildFile";
         fileRef = "OBJ_56";
      };
      "OBJ_309" = {
         isa = "PBXBuildFile";
         fileRef = "OBJ_57";
      };
      "OBJ_31" = {
         isa = "PBXFileReference";
         path = "FileInfo.swift";
         sourceTree = "<group>";
      };
      "OBJ_310" = {
         isa = "PBXBuildFile";
         fileRef = "OBJ_58";
      };
      "OBJ_311" = {
         isa = "PBXBuildFile";
         fileRef = "OBJ_59";
      };
      "OBJ_312" = {
         isa = "PBXFrameworksBuildPhase";
         files = (
            "OBJ_313",
            "OBJ_314"
         );
      };
      "OBJ_313" = {
         isa = "PBXBuildFile";
         fileRef = "swift-tools-support-core::TSCLibc::Product";
      };
      "OBJ_314" = {
         isa = "PBXBuildFile";
         fileRef = "swift-tools-support-core::TSCclibc::Product";
      };
      "OBJ_315" = {
         isa = "PBXTargetDependency";
         target = "swift-tools-support-core::TSCLibc";
      };
      "OBJ_316" = {
         isa = "PBXTargetDependency";
         target = "swift-tools-support-core::TSCclibc";
      };
      "OBJ_317" = {
         isa = "XCConfigurationList";
         buildConfigurations = (
            "OBJ_318",
            "OBJ_319"
         );
         defaultConfigurationIsVisible = "0";
         defaultConfigurationName = "Release";
      };
      "OBJ_318" = {
         isa = "XCBuildConfiguration";
         buildSettings = {
            ENABLE_TESTABILITY = "YES";
            FRAMEWORK_SEARCH_PATHS = (
               "$(inherited)",
               "$(PLATFORM_DIR)/Developer/Library/Frameworks"
            );
            HEADER_SEARCH_PATHS = (
               "$(inherited)",
               "$(SRCROOT)/.build/checkouts/swift-tools-support-core/Sources/TSCclibc/include"
            );
            INFOPLIST_FILE = "DemoMyTools.xcodeproj/TSCLibc_Info.plist";
            IPHONEOS_DEPLOYMENT_TARGET = "9.0";
            LD_RUNPATH_SEARCH_PATHS = (
               "$(inherited)",
               "$(TOOLCHAIN_DIR)/usr/lib/swift/macosx"
            );
            MACOSX_DEPLOYMENT_TARGET = "10.10";
            OTHER_CFLAGS = (
               "$(inherited)"
            );
            OTHER_LDFLAGS = (
               "$(inherited)"
            );
            OTHER_SWIFT_FLAGS = (
               "$(inherited)",
               "-Xcc",
               "-fmodule-map-file=$(SRCROOT)/.build/checkouts/swift-tools-support-core/Sources/TSCclibc/include/module.modulemap"
            );
            PRODUCT_BUNDLE_IDENTIFIER = "TSCLibc";
            PRODUCT_MODULE_NAME = "$(TARGET_NAME:c99extidentifier)";
            PRODUCT_NAME = "$(TARGET_NAME:c99extidentifier)";
            SKIP_INSTALL = "YES";
            SWIFT_ACTIVE_COMPILATION_CONDITIONS = (
               "$(inherited)"
            );
            SWIFT_VERSION = "5.0";
            TARGET_NAME = "TSCLibc";
            TVOS_DEPLOYMENT_TARGET = "9.0";
            WATCHOS_DEPLOYMENT_TARGET = "2.0";
         };
         name = "Debug";
      };
      "OBJ_319" = {
         isa = "XCBuildConfiguration";
         buildSettings = {
            ENABLE_TESTABILITY = "YES";
            FRAMEWORK_SEARCH_PATHS = (
               "$(inherited)",
               "$(PLATFORM_DIR)/Developer/Library/Frameworks"
            );
            HEADER_SEARCH_PATHS = (
               "$(inherited)",
               "$(SRCROOT)/.build/checkouts/swift-tools-support-core/Sources/TSCclibc/include"
            );
            INFOPLIST_FILE = "DemoMyTools.xcodeproj/TSCLibc_Info.plist";
            IPHONEOS_DEPLOYMENT_TARGET = "9.0";
            LD_RUNPATH_SEARCH_PATHS = (
               "$(inherited)",
               "$(TOOLCHAIN_DIR)/usr/lib/swift/macosx"
            );
            MACOSX_DEPLOYMENT_TARGET = "10.10";
            OTHER_CFLAGS = (
               "$(inherited)"
            );
            OTHER_LDFLAGS = (
               "$(inherited)"
            );
            OTHER_SWIFT_FLAGS = (
               "$(inherited)",
               "-Xcc",
               "-fmodule-map-file=$(SRCROOT)/.build/checkouts/swift-tools-support-core/Sources/TSCclibc/include/module.modulemap"
            );
            PRODUCT_BUNDLE_IDENTIFIER = "TSCLibc";
            PRODUCT_MODULE_NAME = "$(TARGET_NAME:c99extidentifier)";
            PRODUCT_NAME = "$(TARGET_NAME:c99extidentifier)";
            SKIP_INSTALL = "YES";
            SWIFT_ACTIVE_COMPILATION_CONDITIONS = (
               "$(inherited)"
            );
            SWIFT_VERSION = "5.0";
            TARGET_NAME = "TSCLibc";
            TVOS_DEPLOYMENT_TARGET = "9.0";
            WATCHOS_DEPLOYMENT_TARGET = "2.0";
         };
         name = "Release";
      };
      "OBJ_32" = {
         isa = "PBXFileReference";
         path = "FileSystem.swift";
         sourceTree = "<group>";
      };
      "OBJ_320" = {
         isa = "PBXSourcesBuildPhase";
         files = (
            "OBJ_321"
         );
      };
      "OBJ_321" = {
         isa = "PBXBuildFile";
         fileRef = "OBJ_61";
      };
      "OBJ_322" = {
         isa = "PBXFrameworksBuildPhase";
         files = (
            "OBJ_323"
         );
      };
      "OBJ_323" = {
         isa = "PBXBuildFile";
         fileRef = "swift-tools-support-core::TSCclibc::Product";
      };
      "OBJ_324" = {
         isa = "PBXTargetDependency";
         target = "swift-tools-support-core::TSCclibc";
      };
      "OBJ_325" = {
         isa = "XCConfigurationList";
         buildConfigurations = (
            "OBJ_326",
            "OBJ_327"
         );
         defaultConfigurationIsVisible = "0";
         defaultConfigurationName = "Release";
      };
      "OBJ_326" = {
         isa = "XCBuildConfiguration";
         buildSettings = {
            ENABLE_TESTABILITY = "YES";
            FRAMEWORK_SEARCH_PATHS = (
               "$(inherited)",
               "$(PLATFORM_DIR)/Developer/Library/Frameworks"
            );
            HEADER_SEARCH_PATHS = (
               "$(inherited)",
               "$(SRCROOT)/.build/checkouts/swift-tools-support-core/Sources/TSCclibc/include"
            );
            INFOPLIST_FILE = "DemoMyTools.xcodeproj/TSCUtility_Info.plist";
            IPHONEOS_DEPLOYMENT_TARGET = "9.0";
            LD_RUNPATH_SEARCH_PATHS = (
               "$(inherited)",
               "$(TOOLCHAIN_DIR)/usr/lib/swift/macosx"
            );
            MACOSX_DEPLOYMENT_TARGET = "10.10";
            OTHER_CFLAGS = (
               "$(inherited)"
            );
            OTHER_LDFLAGS = (
               "$(inherited)"
            );
            OTHER_SWIFT_FLAGS = (
               "$(inherited)",
               "-Xcc",
               "-fmodule-map-file=$(SRCROOT)/.build/checkouts/swift-tools-support-core/Sources/TSCclibc/include/module.modulemap"
            );
            PRODUCT_BUNDLE_IDENTIFIER = "TSCUtility";
            PRODUCT_MODULE_NAME = "$(TARGET_NAME:c99extidentifier)";
            PRODUCT_NAME = "$(TARGET_NAME:c99extidentifier)";
            SKIP_INSTALL = "YES";
            SWIFT_ACTIVE_COMPILATION_CONDITIONS = (
               "$(inherited)"
            );
            SWIFT_VERSION = "5.0";
            TARGET_NAME = "TSCUtility";
            TVOS_DEPLOYMENT_TARGET = "9.0";
            WATCHOS_DEPLOYMENT_TARGET = "2.0";
         };
         name = "Debug";
      };
      "OBJ_327" = {
         isa = "XCBuildConfiguration";
         buildSettings = {
            ENABLE_TESTABILITY = "YES";
            FRAMEWORK_SEARCH_PATHS = (
               "$(inherited)",
               "$(PLATFORM_DIR)/Developer/Library/Frameworks"
            );
            HEADER_SEARCH_PATHS = (
               "$(inherited)",
               "$(SRCROOT)/.build/checkouts/swift-tools-support-core/Sources/TSCclibc/include"
            );
            INFOPLIST_FILE = "DemoMyTools.xcodeproj/TSCUtility_Info.plist";
            IPHONEOS_DEPLOYMENT_TARGET = "9.0";
            LD_RUNPATH_SEARCH_PATHS = (
               "$(inherited)",
               "$(TOOLCHAIN_DIR)/usr/lib/swift/macosx"
            );
            MACOSX_DEPLOYMENT_TARGET = "10.10";
            OTHER_CFLAGS = (
               "$(inherited)"
            );
            OTHER_LDFLAGS = (
               "$(inherited)"
            );
            OTHER_SWIFT_FLAGS = (
               "$(inherited)",
               "-Xcc",
               "-fmodule-map-file=$(SRCROOT)/.build/checkouts/swift-tools-support-core/Sources/TSCclibc/include/module.modulemap"
            );
            PRODUCT_BUNDLE_IDENTIFIER = "TSCUtility";
            PRODUCT_MODULE_NAME = "$(TARGET_NAME:c99extidentifier)";
            PRODUCT_NAME = "$(TARGET_NAME:c99extidentifier)";
            SKIP_INSTALL = "YES";
            SWIFT_ACTIVE_COMPILATION_CONDITIONS = (
               "$(inherited)"
            );
            SWIFT_VERSION = "5.0";
            TARGET_NAME = "TSCUtility";
            TVOS_DEPLOYMENT_TARGET = "9.0";
            WATCHOS_DEPLOYMENT_TARGET = "2.0";
         };
         name = "Release";
      };
      "OBJ_328" = {
         isa = "PBXSourcesBuildPhase";
         files = (
            "OBJ_329",
            "OBJ_330",
            "OBJ_331",
            "OBJ_332",
            "OBJ_333",
            "OBJ_334",
            "OBJ_335",
            "OBJ_336",
            "OBJ_337",
            "OBJ_338",
            "OBJ_339",
            "OBJ_340",
            "OBJ_341",
            "OBJ_342",
            "OBJ_343",
            "OBJ_344",
            "OBJ_345",
            "OBJ_346",
            "OBJ_347",
            "OBJ_348",
            "OBJ_349",
            "OBJ_350",
            "OBJ_351",
            "OBJ_352",
            "OBJ_353",
            "OBJ_354",
            "OBJ_355",
            "OBJ_356",
            "OBJ_357",
            "OBJ_358",
            "OBJ_359",
            "OBJ_360",
            "OBJ_361",
            "OBJ_362",
            "OBJ_363",
            "OBJ_364",
            "OBJ_365",
            "OBJ_366",
            "OBJ_367"
         );
      };
      "OBJ_329" = {
         isa = "PBXBuildFile";
         fileRef = "OBJ_65";
      };
      "OBJ_33" = {
         isa = "PBXFileReference";
         path = "GraphAlgorithms.swift";
         sourceTree = "<group>";
      };
      "OBJ_330" = {
         isa = "PBXBuildFile";
         fileRef = "OBJ_66";
      };
      "OBJ_331" = {
         isa = "PBXBuildFile";
         fileRef = "OBJ_67";
      };
      "OBJ_332" = {
         isa = "PBXBuildFile";
         fileRef = "OBJ_68";
      };
      "OBJ_333" = {
         isa = "PBXBuildFile";
         fileRef = "OBJ_69";
      };
      "OBJ_334" = {
         isa = "PBXBuildFile";
         fileRef = "OBJ_70";
      };
      "OBJ_335" = {
         isa = "PBXBuildFile";
         fileRef = "OBJ_71";
      };
      "OBJ_336" = {
         isa = "PBXBuildFile";
         fileRef = "OBJ_72";
      };
      "OBJ_337" = {
         isa = "PBXBuildFile";
         fileRef = "OBJ_73";
      };
      "OBJ_338" = {
         isa = "PBXBuildFile";
         fileRef = "OBJ_74";
      };
      "OBJ_339" = {
         isa = "PBXBuildFile";
         fileRef = "OBJ_75";
      };
      "OBJ_34" = {
         isa = "PBXFileReference";
         path = "HashAlgorithms.swift";
         sourceTree = "<group>";
      };
      "OBJ_340" = {
         isa = "PBXBuildFile";
         fileRef = "OBJ_76";
      };
      "OBJ_341" = {
         isa = "PBXBuildFile";
         fileRef = "OBJ_77";
      };
      "OBJ_342" = {
         isa = "PBXBuildFile";
         fileRef = "OBJ_78";
      };
      "OBJ_343" = {
         isa = "PBXBuildFile";
         fileRef = "OBJ_79";
      };
      "OBJ_344" = {
         isa = "PBXBuildFile";
         fileRef = "OBJ_80";
      };
      "OBJ_345" = {
         isa = "PBXBuildFile";
         fileRef = "OBJ_81";
      };
      "OBJ_346" = {
         isa = "PBXBuildFile";
         fileRef = "OBJ_82";
      };
      "OBJ_347" = {
         isa = "PBXBuildFile";
         fileRef = "OBJ_83";
      };
      "OBJ_348" = {
         isa = "PBXBuildFile";
         fileRef = "OBJ_84";
      };
      "OBJ_349" = {
         isa = "PBXBuildFile";
         fileRef = "OBJ_85";
      };
      "OBJ_35" = {
         isa = "PBXFileReference";
         path = "JSON.swift";
         sourceTree = "<group>";
      };
      "OBJ_350" = {
         isa = "PBXBuildFile";
         fileRef = "OBJ_86";
      };
      "OBJ_351" = {
         isa = "PBXBuildFile";
         fileRef = "OBJ_87";
      };
      "OBJ_352" = {
         isa = "PBXBuildFile";
         fileRef = "OBJ_88";
      };
      "OBJ_353" = {
         isa = "PBXBuildFile";
         fileRef = "OBJ_89";
      };
      "OBJ_354" = {
         isa = "PBXBuildFile";
         fileRef = "OBJ_90";
      };
      "OBJ_355" = {
         isa = "PBXBuildFile";
         fileRef = "OBJ_91";
      };
      "OBJ_356" = {
         isa = "PBXBuildFile";
         fileRef = "OBJ_92";
      };
      "OBJ_357" = {
         isa = "PBXBuildFile";
         fileRef = "OBJ_93";
      };
      "OBJ_358" = {
         isa = "PBXBuildFile";
         fileRef = "OBJ_94";
      };
      "OBJ_359" = {
         isa = "PBXBuildFile";
         fileRef = "OBJ_95";
      };
      "OBJ_36" = {
         isa = "PBXFileReference";
         path = "JSONMapper.swift";
         sourceTree = "<group>";
      };
      "OBJ_360" = {
         isa = "PBXBuildFile";
         fileRef = "OBJ_96";
      };
      "OBJ_361" = {
         isa = "PBXBuildFile";
         fileRef = "OBJ_97";
      };
      "OBJ_362" = {
         isa = "PBXBuildFile";
         fileRef = "OBJ_98";
      };
      "OBJ_363" = {
         isa = "PBXBuildFile";
         fileRef = "OBJ_99";
      };
      "OBJ_364" = {
         isa = "PBXBuildFile";
         fileRef = "OBJ_100";
      };
      "OBJ_365" = {
         isa = "PBXBuildFile";
         fileRef = "OBJ_101";
      };
      "OBJ_366" = {
         isa = "PBXBuildFile";
         fileRef = "OBJ_102";
      };
      "OBJ_367" = {
         isa = "PBXBuildFile";
         fileRef = "OBJ_103";
      };
      "OBJ_368" = {
         isa = "PBXFrameworksBuildPhase";
         files = (
            "OBJ_369",
            "OBJ_370",
            "OBJ_371"
         );
      };
      "OBJ_369" = {
         isa = "PBXBuildFile";
         fileRef = "swift-tools-support-core::TSCBasic::Product";
      };
      "OBJ_37" = {
         isa = "PBXFileReference";
         path = "KeyedPair.swift";
         sourceTree = "<group>";
      };
      "OBJ_370" = {
         isa = "PBXBuildFile";
         fileRef = "swift-tools-support-core::TSCLibc::Product";
      };
      "OBJ_371" = {
         isa = "PBXBuildFile";
         fileRef = "swift-tools-support-core::TSCclibc::Product";
      };
      "OBJ_372" = {
         isa = "PBXTargetDependency";
         target = "swift-tools-support-core::TSCBasic";
      };
      "OBJ_373" = {
         isa = "PBXTargetDependency";
         target = "swift-tools-support-core::TSCLibc";
      };
      "OBJ_374" = {
         isa = "PBXTargetDependency";
         target = "swift-tools-support-core::TSCclibc";
      };
      "OBJ_375" = {
         isa = "XCConfigurationList";
         buildConfigurations = (
            "OBJ_376",
            "OBJ_377"
         );
         defaultConfigurationIsVisible = "0";
         defaultConfigurationName = "Release";
      };
      "OBJ_376" = {
         isa = "XCBuildConfiguration";
         buildSettings = {
            DEFINES_MODULE = "NO";
            ENABLE_TESTABILITY = "YES";
            FRAMEWORK_SEARCH_PATHS = (
               "$(inherited)",
               "$(PLATFORM_DIR)/Developer/Library/Frameworks"
            );
            HEADER_SEARCH_PATHS = (
               "$(inherited)",
               "$(SRCROOT)/.build/checkouts/swift-tools-support-core/Sources/TSCclibc/include"
            );
            INFOPLIST_FILE = "DemoMyTools.xcodeproj/TSCclibc_Info.plist";
            IPHONEOS_DEPLOYMENT_TARGET = "9.0";
            LD_RUNPATH_SEARCH_PATHS = (
               "$(inherited)",
               "$(TOOLCHAIN_DIR)/usr/lib/swift/macosx"
            );
            MACOSX_DEPLOYMENT_TARGET = "10.10";
            OTHER_CFLAGS = (
               "$(inherited)"
            );
            OTHER_LDFLAGS = (
               "$(inherited)"
            );
            OTHER_SWIFT_FLAGS = (
               "$(inherited)"
            );
            PRODUCT_BUNDLE_IDENTIFIER = "TSCclibc";
            PRODUCT_MODULE_NAME = "$(TARGET_NAME:c99extidentifier)";
            PRODUCT_NAME = "$(TARGET_NAME:c99extidentifier)";
            SKIP_INSTALL = "YES";
            SWIFT_ACTIVE_COMPILATION_CONDITIONS = (
               "$(inherited)"
            );
            TARGET_NAME = "TSCclibc";
            TVOS_DEPLOYMENT_TARGET = "9.0";
            WATCHOS_DEPLOYMENT_TARGET = "2.0";
         };
         name = "Debug";
      };
      "OBJ_377" = {
         isa = "XCBuildConfiguration";
         buildSettings = {
            DEFINES_MODULE = "NO";
            ENABLE_TESTABILITY = "YES";
            FRAMEWORK_SEARCH_PATHS = (
               "$(inherited)",
               "$(PLATFORM_DIR)/Developer/Library/Frameworks"
            );
            HEADER_SEARCH_PATHS = (
               "$(inherited)",
               "$(SRCROOT)/.build/checkouts/swift-tools-support-core/Sources/TSCclibc/include"
            );
            INFOPLIST_FILE = "DemoMyTools.xcodeproj/TSCclibc_Info.plist";
            IPHONEOS_DEPLOYMENT_TARGET = "9.0";
            LD_RUNPATH_SEARCH_PATHS = (
               "$(inherited)",
               "$(TOOLCHAIN_DIR)/usr/lib/swift/macosx"
            );
            MACOSX_DEPLOYMENT_TARGET = "10.10";
            OTHER_CFLAGS = (
               "$(inherited)"
            );
            OTHER_LDFLAGS = (
               "$(inherited)"
            );
            OTHER_SWIFT_FLAGS = (
               "$(inherited)"
            );
            PRODUCT_BUNDLE_IDENTIFIER = "TSCclibc";
            PRODUCT_MODULE_NAME = "$(TARGET_NAME:c99extidentifier)";
            PRODUCT_NAME = "$(TARGET_NAME:c99extidentifier)";
            SKIP_INSTALL = "YES";
            SWIFT_ACTIVE_COMPILATION_CONDITIONS = (
               "$(inherited)"
            );
            TARGET_NAME = "TSCclibc";
            TVOS_DEPLOYMENT_TARGET = "9.0";
            WATCHOS_DEPLOYMENT_TARGET = "2.0";
         };
         name = "Release";
      };
      "OBJ_378" = {
         isa = "PBXSourcesBuildPhase";
         files = (
            "OBJ_379",
            "OBJ_380"
         );
      };
      "OBJ_379" = {
         isa = "PBXBuildFile";
         fileRef = "OBJ_105";
      };
      "OBJ_38" = {
         isa = "PBXFileReference";
         path = "LazyCache.swift";
         sourceTree = "<group>";
      };
      "OBJ_380" = {
         isa = "PBXBuildFile";
         fileRef = "OBJ_106";
      };
      "OBJ_381" = {
         isa = "PBXFrameworksBuildPhase";
         files = (
         );
      };
      "OBJ_383" = {
         isa = "XCConfigurationList";
         buildConfigurations = (
            "OBJ_384",
            "OBJ_385"
         );
         defaultConfigurationIsVisible = "0";
         defaultConfigurationName = "Release";
      };
      "OBJ_384" = {
         isa = "XCBuildConfiguration";
         buildSettings = {
            LD = "/usr/bin/true";
            OTHER_SWIFT_FLAGS = (
               "-swift-version",
               "5",
               "-I",
               "$(TOOLCHAIN_DIR)/usr/lib/swift/pm/4_2",
               "-sdk",
               "/Applications/Xcode.app/Contents/Developer/Platforms/MacOSX.platform/Developer/SDKs/MacOSX10.15.sdk",
               "-package-description-version",
               "5.2.0"
            );
            SWIFT_VERSION = "5.0";
         };
         name = "Debug";
      };
      "OBJ_385" = {
         isa = "XCBuildConfiguration";
         buildSettings = {
            LD = "/usr/bin/true";
            OTHER_SWIFT_FLAGS = (
               "-swift-version",
               "5",
               "-I",
               "$(TOOLCHAIN_DIR)/usr/lib/swift/pm/4_2",
               "-sdk",
               "/Applications/Xcode.app/Contents/Developer/Platforms/MacOSX.platform/Developer/SDKs/MacOSX10.15.sdk",
               "-package-description-version",
               "5.2.0"
            );
            SWIFT_VERSION = "5.0";
         };
         name = "Release";
      };
      "OBJ_386" = {
         isa = "PBXSourcesBuildPhase";
         files = (
            "OBJ_387"
         );
      };
      "OBJ_387" = {
         isa = "PBXBuildFile";
         fileRef = "OBJ_157";
      };
      "OBJ_389" = {
         isa = "XCConfigurationList";
         buildConfigurations = (
            "OBJ_390",
            "OBJ_391"
         );
         defaultConfigurationIsVisible = "0";
         defaultConfigurationName = "Release";
      };
      "OBJ_39" = {
         isa = "PBXFileReference";
         path = "Lock.swift";
         sourceTree = "<group>";
      };
      "OBJ_390" = {
         isa = "XCBuildConfiguration";
         buildSettings = {
            LD = "/usr/bin/true";
            OTHER_SWIFT_FLAGS = (
               "-swift-version",
               "5",
               "-I",
               "$(TOOLCHAIN_DIR)/usr/lib/swift/pm/4_2",
               "-sdk",
               "/Applications/Xcode.app/Contents/Developer/Platforms/MacOSX.platform/Developer/SDKs/MacOSX10.15.sdk",
               "-package-description-version",
               "5.2.0"
            );
            SWIFT_VERSION = "5.0";
         };
         name = "Debug";
      };
      "OBJ_391" = {
         isa = "XCBuildConfiguration";
         buildSettings = {
            LD = "/usr/bin/true";
            OTHER_SWIFT_FLAGS = (
               "-swift-version",
               "5",
               "-I",
               "$(TOOLCHAIN_DIR)/usr/lib/swift/pm/4_2",
               "-sdk",
               "/Applications/Xcode.app/Contents/Developer/Platforms/MacOSX.platform/Developer/SDKs/MacOSX10.15.sdk",
               "-package-description-version",
               "5.2.0"
            );
            SWIFT_VERSION = "5.0";
         };
         name = "Release";
      };
      "OBJ_392" = {
         isa = "PBXSourcesBuildPhase";
         files = (
            "OBJ_393"
         );
      };
      "OBJ_393" = {
         isa = "PBXBuildFile";
         fileRef = "OBJ_113";
      };
      "OBJ_4" = {
         isa = "XCBuildConfiguration";
         buildSettings = {
            CLANG_ENABLE_OBJC_ARC = "YES";
            COMBINE_HIDPI_IMAGES = "YES";
            COPY_PHASE_STRIP = "YES";
            DEBUG_INFORMATION_FORMAT = "dwarf-with-dsym";
            DYLIB_INSTALL_NAME_BASE = "@rpath";
            GCC_OPTIMIZATION_LEVEL = "s";
            GCC_PREPROCESSOR_DEFINITIONS = (
               "$(inherited)",
               "SWIFT_PACKAGE=1"
            );
            MACOSX_DEPLOYMENT_TARGET = "10.10";
            OTHER_SWIFT_FLAGS = (
               "$(inherited)",
               "-DXcode"
            );
            PRODUCT_NAME = "$(TARGET_NAME)";
            SDKROOT = "macosx";
            SUPPORTED_PLATFORMS = (
               "macosx",
               "iphoneos",
               "iphonesimulator",
               "appletvos",
               "appletvsimulator",
               "watchos",
               "watchsimulator"
            );
            SWIFT_ACTIVE_COMPILATION_CONDITIONS = (
               "$(inherited)",
               "SWIFT_PACKAGE"
            );
            SWIFT_OPTIMIZATION_LEVEL = "-Owholemodule";
            USE_HEADERMAP = "NO";
         };
         name = "Release";
      };
      "OBJ_40" = {
         isa = "PBXFileReference";
         path = "OSLog.swift";
         sourceTree = "<group>";
      };
      "OBJ_41" = {
         isa = "PBXFileReference";
         path = "ObjectIdentifierProtocol.swift";
         sourceTree = "<group>";
      };
      "OBJ_42" = {
         isa = "PBXFileReference";
         path = "OrderedDictionary.swift";
         sourceTree = "<group>";
      };
      "OBJ_43" = {
         isa = "PBXFileReference";
         path = "OrderedSet.swift";
         sourceTree = "<group>";
      };
      "OBJ_44" = {
         isa = "PBXFileReference";
         path = "Path.swift";
         sourceTree = "<group>";
      };
      "OBJ_45" = {
         isa = "PBXFileReference";
         path = "PathShims.swift";
         sourceTree = "<group>";
      };
      "OBJ_46" = {
         isa = "PBXFileReference";
         path = "Process.swift";
         sourceTree = "<group>";
      };
      "OBJ_47" = {
         isa = "PBXFileReference";
         path = "ProcessEnv.swift";
         sourceTree = "<group>";
      };
      "OBJ_48" = {
         isa = "PBXFileReference";
         path = "ProcessSet.swift";
         sourceTree = "<group>";
      };
      "OBJ_49" = {
         isa = "PBXFileReference";
         path = "RegEx.swift";
         sourceTree = "<group>";
      };
      "OBJ_5" = {
         isa = "PBXGroup";
         children = (
            "OBJ_6",
            "OBJ_7",
            "OBJ_10",
            "OBJ_14",
            "OBJ_158",
            "OBJ_166"
         );
         path = "";
         sourceTree = "<group>";
      };
      "OBJ_50" = {
         isa = "PBXFileReference";
         path = "Result.swift";
         sourceTree = "<group>";
      };
      "OBJ_51" = {
         isa = "PBXFileReference";
         path = "SortedArray.swift";
         sourceTree = "<group>";
      };
      "OBJ_52" = {
         isa = "PBXFileReference";
         path = "StringConversions.swift";
         sourceTree = "<group>";
      };
      "OBJ_53" = {
         isa = "PBXFileReference";
         path = "SynchronizedQueue.swift";
         sourceTree = "<group>";
      };
      "OBJ_54" = {
         isa = "PBXFileReference";
         path = "TemporaryFile.swift";
         sourceTree = "<group>";
      };
      "OBJ_55" = {
         isa = "PBXFileReference";
         path = "TerminalController.swift";
         sourceTree = "<group>";
      };
      "OBJ_56" = {
         isa = "PBXFileReference";
         path = "Thread.swift";
         sourceTree = "<group>";
      };
      "OBJ_57" = {
         isa = "PBXFileReference";
         path = "Tuple.swift";
         sourceTree = "<group>";
      };
      "OBJ_58" = {
         isa = "PBXFileReference";
         path = "WritableByteStream.swift";
         sourceTree = "<group>";
      };
      "OBJ_59" = {
         isa = "PBXFileReference";
         path = "misc.swift";
         sourceTree = "<group>";
      };
      "OBJ_6" = {
         isa = "PBXFileReference";
         explicitFileType = "sourcecode.swift";
         path = "Package.swift";
         sourceTree = "<group>";
      };
      "OBJ_60" = {
         isa = "PBXGroup";
         children = (
            "OBJ_61"
         );
         name = "TSCLibc";
         path = ".build/checkouts/swift-tools-support-core/Sources/TSCLibc";
         sourceTree = "SOURCE_ROOT";
      };
      "OBJ_61" = {
         isa = "PBXFileReference";
         path = "libc.swift";
         sourceTree = "<group>";
      };
      "OBJ_62" = {
         isa = "PBXGroup";
         children = (
         );
         name = "TSCTestSupport";
         path = ".build/checkouts/swift-tools-support-core/Sources/TSCTestSupport";
         sourceTree = "SOURCE_ROOT";
      };
      "OBJ_63" = {
         isa = "PBXGroup";
         children = (
         );
         name = "TSCTestSupportExecutable";
         path = ".build/checkouts/swift-tools-support-core/Sources/TSCTestSupportExecutable";
         sourceTree = "SOURCE_ROOT";
      };
      "OBJ_64" = {
         isa = "PBXGroup";
         children = (
            "OBJ_65",
            "OBJ_66",
            "OBJ_67",
            "OBJ_68",
            "OBJ_69",
            "OBJ_70",
            "OBJ_71",
            "OBJ_72",
            "OBJ_73",
            "OBJ_74",
            "OBJ_75",
            "OBJ_76",
            "OBJ_77",
            "OBJ_78",
            "OBJ_79",
            "OBJ_80",
            "OBJ_81",
            "OBJ_82",
            "OBJ_83",
            "OBJ_84",
            "OBJ_85",
            "OBJ_86",
            "OBJ_87",
            "OBJ_88",
            "OBJ_89",
            "OBJ_90",
            "OBJ_91",
            "OBJ_92",
            "OBJ_93",
            "OBJ_94",
            "OBJ_95",
            "OBJ_96",
            "OBJ_97",
            "OBJ_98",
            "OBJ_99",
            "OBJ_100",
            "OBJ_101",
            "OBJ_102",
            "OBJ_103"
         );
         name = "TSCUtility";
         path = ".build/checkouts/swift-tools-support-core/Sources/TSCUtility";
         sourceTree = "SOURCE_ROOT";
      };
      "OBJ_65" = {
         isa = "PBXFileReference";
         path = "Archiver.swift";
         sourceTree = "<group>";
      };
      "OBJ_66" = {
         isa = "PBXFileReference";
         path = "ArgumentParser.swift";
         sourceTree = "<group>";
      };
      "OBJ_67" = {
         isa = "PBXFileReference";
         path = "ArgumentParserShellCompletion.swift";
         sourceTree = "<group>";
      };
      "OBJ_68" = {
         isa = "PBXFileReference";
         path = "Array+Extensions.swift";
         sourceTree = "<group>";
      };
      "OBJ_69" = {
         isa = "PBXFileReference";
         path = "Bits.swift";
         sourceTree = "<group>";
      };
      "OBJ_7" = {
         isa = "PBXGroup";
         children = (
            "OBJ_8"
         );
         name = "Sources";
         path = "";
         sourceTree = "SOURCE_ROOT";
      };
      "OBJ_70" = {
         isa = "PBXFileReference";
         path = "Bitstream.swift";
         sourceTree = "<group>";
      };
      "OBJ_71" = {
         isa = "PBXFileReference";
         path = "BuildFlags.swift";
         sourceTree = "<group>";
      };
      "OBJ_72" = {
         isa = "PBXFileReference";
         path = "CollectionExtensions.swift";
         sourceTree = "<group>";
      };
      "OBJ_73" = {
         isa = "PBXFileReference";
         path = "Context.swift";
         sourceTree = "<group>";
      };
      "OBJ_74" = {
         isa = "PBXFileReference";
         path = "Diagnostics.swift";
         sourceTree = "<group>";
      };
      "OBJ_75" = {
         isa = "PBXFileReference";
         path = "Downloader.swift";
         sourceTree = "<group>";
      };
      "OBJ_76" = {
         isa = "PBXFileReference";
         path = "FSWatch.swift";
         sourceTree = "<group>";
      };
      "OBJ_77" = {
         isa = "PBXFileReference";
         path = "FloatingPointExtensions.swift";
         sourceTree = "<group>";
      };
      "OBJ_78" = {
         isa = "PBXFileReference";
         path = "Git.swift";
         sourceTree = "<group>";
      };
      "OBJ_79" = {
         isa = "PBXFileReference";
         path = "Hex.swift";
         sourceTree = "<group>";
      };
      "OBJ_8" = {
         isa = "PBXGroup";
         children = (
            "OBJ_9"
         );
         name = "DemoMyTools";
         path = "Sources/DemoMyTools";
         sourceTree = "SOURCE_ROOT";
      };
      "OBJ_80" = {
         isa = "PBXFileReference";
         path = "IndexStore.swift";
         sourceTree = "<group>";
      };
      "OBJ_81" = {
         isa = "PBXFileReference";
         path = "InterruptHandler.swift";
         sourceTree = "<group>";
      };
      "OBJ_82" = {
         isa = "PBXFileReference";
         path = "JSONMessageStreamingParser.swift";
         sourceTree = "<group>";
      };
      "OBJ_83" = {
         isa = "PBXFileReference";
         path = "Netrc.swift";
         sourceTree = "<group>";
      };
      "OBJ_84" = {
         isa = "PBXFileReference";
         path = "OSLog.swift";
         sourceTree = "<group>";
      };
      "OBJ_85" = {
         isa = "PBXFileReference";
         path = "OrderedZip.swift";
         sourceTree = "<group>";
      };
      "OBJ_86" = {
         isa = "PBXFileReference";
         path = "PersistenceCache.swift";
         sourceTree = "<group>";
      };
      "OBJ_87" = {
         isa = "PBXFileReference";
         path = "PkgConfig.swift";
         sourceTree = "<group>";
      };
      "OBJ_88" = {
         isa = "PBXFileReference";
         path = "Platform.swift";
         sourceTree = "<group>";
      };
      "OBJ_89" = {
         isa = "PBXFileReference";
         path = "PolymorphicCodable.swift";
         sourceTree = "<group>";
      };
      "OBJ_9" = {
         isa = "PBXFileReference";
         path = "main.swift";
         sourceTree = "<group>";
      };
      "OBJ_90" = {
         isa = "PBXFileReference";
         path = "ProgressAnimation.swift";
         sourceTree = "<group>";
      };
      "OBJ_91" = {
         isa = "PBXFileReference";
         path = "SQLite.swift";
         sourceTree = "<group>";
      };
      "OBJ_92" = {
         isa = "PBXFileReference";
         path = "SerializedDiagnostics.swift";
         sourceTree = "<group>";
      };
      "OBJ_93" = {
         isa = "PBXFileReference";
         path = "SimplePersistence.swift";
         sourceTree = "<group>";
      };
      "OBJ_94" = {
         isa = "PBXFileReference";
         path = "StringExtensions.swift";
         sourceTree = "<group>";
      };
      "OBJ_95" = {
         isa = "PBXFileReference";
         path = "StringMangling.swift";
         sourceTree = "<group>";
      };
      "OBJ_96" = {
         isa = "PBXFileReference";
         path = "Tracing.swift";
         sourceTree = "<group>";
      };
      "OBJ_97" = {
         isa = "PBXFileReference";
         path = "Triple.swift";
         sourceTree = "<group>";
      };
      "OBJ_98" = {
         isa = "PBXFileReference";
         path = "URL.swift";
         sourceTree = "<group>";
      };
      "OBJ_99" = {
         isa = "PBXFileReference";
         path = "Verbosity.swift";
         sourceTree = "<group>";
      };
      "swift-argument-parser::ArgumentParser" = {
         isa = "PBXNativeTarget";
         buildConfigurationList = "OBJ_168";
         buildPhases = (
            "OBJ_171",
            "OBJ_207"
         );
         dependencies = (
         );
         name = "ArgumentParser";
         productName = "ArgumentParser";
         productReference = "swift-argument-parser::ArgumentParser::Product";
         productType = "com.apple.product-type.framework";
      };
      "swift-argument-parser::ArgumentParser::Product" = {
         isa = "PBXFileReference";
         path = "ArgumentParser.framework";
         sourceTree = "BUILT_PRODUCTS_DIR";
      };
      "swift-argument-parser::SwiftPMPackageDescription" = {
         isa = "PBXNativeTarget";
         buildConfigurationList = "OBJ_383";
         buildPhases = (
            "OBJ_386"
         );
         dependencies = (
         );
         name = "swift-argument-parserPackageDescription";
         productName = "swift-argument-parserPackageDescription";
         productType = "com.apple.product-type.framework";
      };
      "swift-tools-support-core::SwiftPMPackageDescription" = {
         isa = "PBXNativeTarget";
         buildConfigurationList = "OBJ_389";
         buildPhases = (
            "OBJ_392"
         );
         dependencies = (
         );
         name = "swift-tools-support-corePackageDescription";
         productName = "swift-tools-support-corePackageDescription";
         productType = "com.apple.product-type.framework";
      };
      "swift-tools-support-core::SwiftToolsSupport::ProductTarget" = {
         isa = "PBXAggregateTarget";
         buildConfigurationList = "OBJ_260";
         buildPhases = (
         );
         dependencies = (
            "OBJ_263",
            "OBJ_264"
         );
         name = "SwiftToolsSupport";
         productName = "SwiftToolsSupport";
      };
      "swift-tools-support-core::TSCBasic" = {
         isa = "PBXNativeTarget";
         buildConfigurationList = "OBJ_265";
         buildPhases = (
            "OBJ_268",
            "OBJ_312"
         );
         dependencies = (
            "OBJ_315",
            "OBJ_316"
         );
         name = "TSCBasic";
         productName = "TSCBasic";
         productReference = "swift-tools-support-core::TSCBasic::Product";
         productType = "com.apple.product-type.framework";
      };
      "swift-tools-support-core::TSCBasic::Product" = {
         isa = "PBXFileReference";
         path = "TSCBasic.framework";
         sourceTree = "BUILT_PRODUCTS_DIR";
      };
      "swift-tools-support-core::TSCLibc" = {
         isa = "PBXNativeTarget";
         buildConfigurationList = "OBJ_317";
         buildPhases = (
            "OBJ_320",
            "OBJ_322"
         );
         dependencies = (
            "OBJ_324"
         );
         name = "TSCLibc";
         productName = "TSCLibc";
         productReference = "swift-tools-support-core::TSCLibc::Product";
         productType = "com.apple.product-type.framework";
      };
      "swift-tools-support-core::TSCLibc::Product" = {
         isa = "PBXFileReference";
         path = "TSCLibc.framework";
         sourceTree = "BUILT_PRODUCTS_DIR";
      };
      "swift-tools-support-core::TSCUtility" = {
         isa = "PBXNativeTarget";
         buildConfigurationList = "OBJ_325";
         buildPhases = (
            "OBJ_328",
            "OBJ_368"
         );
         dependencies = (
            "OBJ_372",
            "OBJ_373",
            "OBJ_374"
         );
         name = "TSCUtility";
         productName = "TSCUtility";
         productReference = "swift-tools-support-core::TSCUtility::Product";
         productType = "com.apple.product-type.framework";
      };
      "swift-tools-support-core::TSCUtility::Product" = {
         isa = "PBXFileReference";
         path = "TSCUtility.framework";
         sourceTree = "BUILT_PRODUCTS_DIR";
      };
      "swift-tools-support-core::TSCclibc" = {
         isa = "PBXNativeTarget";
         buildConfigurationList = "OBJ_375";
         buildPhases = (
            "OBJ_378",
            "OBJ_381"
         );
         dependencies = (
         );
         name = "TSCclibc";
         productName = "TSCclibc";
         productReference = "swift-tools-support-core::TSCclibc::Product";
         productType = "com.apple.product-type.framework";
      };
      "swift-tools-support-core::TSCclibc::Product" = {
         isa = "PBXFileReference";
         path = "TSCclibc.framework";
         sourceTree = "BUILT_PRODUCTS_DIR";
      };
   };
   rootObject = "OBJ_1";
}
